
Microsoft Visual Studio Solution File, Format Version 12.00
# Visual Studio Version 17
VisualStudioVersion = 17.1.32421.90
MinimumVisualStudioVersion = 10.0.40219.1
Project("{2150E333-8FDC-42A3-9474-1A3956D46DE8}") = "Services", "Services", "{EA0C53E9-B525-44EB-AEE8-F5158CF6714B}"
EndProject
Project("{2150E333-8FDC-42A3-9474-1A3956D46DE8}") = "Catalog", "Catalog", "{A9B726A9-C423-4D8E-922C-A2F4BF849BD9}"
EndProject
Project("{FAE04EC0-301F-11D3-BF4B-00C04F79EFBC}") = "Catalog.API", "Services\Catalog\Catalog.API\Catalog.API.csproj", "{DC28509B-A5BC-40BB-B141-57BEBB888CE5}"
EndProject
Global
	GlobalSection(SolutionConfigurationPlatforms) = preSolution
		Debug|Any CPU = Debug|Any CPU
		Release|Any CPU = Release|Any CPU
	EndGlobalSection
	GlobalSection(ProjectConfigurationPlatforms) = postSolution
		{DC28509B-A5BC-40BB-B141-57BEBB888CE5}.Debug|Any CPU.ActiveCfg = Debug|Any CPU
		{DC28509B-A5BC-40BB-B141-57BEBB888CE5}.Debug|Any CPU.Build.0 = Debug|Any CPU
		{DC28509B-A5BC-40BB-B141-57BEBB888CE5}.Release|Any CPU.ActiveCfg = Release|Any CPU
		{DC28509B-A5BC-40BB-B141-57BEBB888CE5}.Release|Any CPU.Build.0 = Release|Any CPU
	EndGlobalSection
	GlobalSection(SolutionProperties) = preSolution
		HideSolutionNode = FALSE
	EndGlobalSection
	GlobalSection(NestedProjects) = preSolution
		{A9B726A9-C423-4D8E-922C-A2F4BF849BD9} = {EA0C53E9-B525-44EB-AEE8-F5158CF6714B}
		{DC28509B-A5BC-40BB-B141-57BEBB888CE5} = {A9B726A9-C423-4D8E-922C-A2F4BF849BD9}
	EndGlobalSection
	GlobalSection(ExtensibilityGlobals) = postSolution
		SolutionGuid = {70D89766-7BCF-49E2-9D26-D932CBF898B8}
	EndGlobalSection
EndGlobal
